
Microsoft Visual Studio Solution File, Format Version 12.00
# Visual Studio Version 17
VisualStudioVersion = 17.2.32616.157
MinimumVisualStudioVersion = 10.0.40219.1
Project("{FAE04EC0-301F-11D3-BF4B-00C04F79EFBC}") = "IgniteMatrix", "IgniteMatrix\IgniteMatrix.csproj", "{14325441-CFF2-4077-98B3-218892444504}"
EndProject
Global
	GlobalSection(SolutionConfigurationPlatforms) = preSolution
		Debug|Any CPU = Debug|Any CPU
		Release|Any CPU = Release|Any CPU
	EndGlobalSection
	GlobalSection(ProjectConfigurationPlatforms) = postSolution
		{14325441-CFF2-4077-98B3-218892444504}.Debug|Any CPU.ActiveCfg = Debug|Any CPU
		{14325441-CFF2-4077-98B3-218892444504}.Debug|Any CPU.Build.0 = Debug|Any CPU
		{14325441-CFF2-4077-98B3-218892444504}.Release|Any CPU.ActiveCfg = Release|Any CPU
		{14325441-CFF2-4077-98B3-218892444504}.Release|Any CPU.Build.0 = Release|Any CPU
	EndGlobalSection
	GlobalSection(SolutionProperties) = preSolution
		HideSolutionNode = FALSE
	EndGlobalSection
	GlobalSection(ExtensibilityGlobals) = postSolution
		SolutionGuid = {4E2BFF3E-AD89-4D12-8E53-FD857EB27A68}
	EndGlobalSection
EndGlobal
